
Microsoft Visual Studio Solution File, Format Version 12.00
# Visual Studio Version 17
VisualStudioVersion = 17.2.32210.308
MinimumVisualStudioVersion = 10.0.40219.1
Project("{FAE04EC0-301F-11D3-BF4B-00C04F79EFBC}") = "emag", "emag\emag.csproj", "{BBB39AAA-A0AA-406B-8CAD-2EFD1B8005CF}"
EndProject
Project("{FAE04EC0-301F-11D3-BF4B-00C04F79EFBC}") = "view", "view\view.csproj", "{D44A16F7-29CD-4E56-829C-686EC94C7E98}"
	ProjectSection(ProjectDependencies) = postProject
		{BBB39AAA-A0AA-406B-8CAD-2EFD1B8005CF} = {BBB39AAA-A0AA-406B-8CAD-2EFD1B8005CF}
	EndProjectSection
EndProject
Global
	GlobalSection(SolutionConfigurationPlatforms) = preSolution
		Debug|Any CPU = Debug|Any CPU
		Release|Any CPU = Release|Any CPU
	EndGlobalSection
	GlobalSection(ProjectConfigurationPlatforms) = postSolution
		{BBB39AAA-A0AA-406B-8CAD-2EFD1B8005CF}.Debug|Any CPU.ActiveCfg = Debug|Any CPU
		{BBB39AAA-A0AA-406B-8CAD-2EFD1B8005CF}.Debug|Any CPU.Build.0 = Debug|Any CPU
		{BBB39AAA-A0AA-406B-8CAD-2EFD1B8005CF}.Release|Any CPU.ActiveCfg = Release|Any CPU
		{BBB39AAA-A0AA-406B-8CAD-2EFD1B8005CF}.Release|Any CPU.Build.0 = Release|Any CPU
		{D44A16F7-29CD-4E56-829C-686EC94C7E98}.Debug|Any CPU.ActiveCfg = Debug|Any CPU
		{D44A16F7-29CD-4E56-829C-686EC94C7E98}.Debug|Any CPU.Build.0 = Debug|Any CPU
		{D44A16F7-29CD-4E56-829C-686EC94C7E98}.Release|Any CPU.ActiveCfg = Release|Any CPU
		{D44A16F7-29CD-4E56-829C-686EC94C7E98}.Release|Any CPU.Build.0 = Release|Any CPU
	EndGlobalSection
	GlobalSection(SolutionProperties) = preSolution
		HideSolutionNode = FALSE
	EndGlobalSection
	GlobalSection(ExtensibilityGlobals) = postSolution
		SolutionGuid = {E32FE1AD-31A2-457C-ACEF-C17C54069EA0}
	EndGlobalSection
EndGlobal
